
Microsoft Visual Studio Solution File, Format Version 12.00
# Visual Studio 15
VisualStudioVersion = 15.0.26730.8
MinimumVisualStudioVersion = 10.0.40219.1
Project("{2150E333-8FDC-42A3-9474-1A3956D46DE8}") = "Projects", "Projects", "{7A8857C2-B04C-4069-B51F-6F11D41EB501}"
EndProject
Project("{2150E333-8FDC-42A3-9474-1A3956D46DE8}") = "UI", "UI", "{F832C8FE-C2BB-4107-A0F3-2B1D794A704D}"
EndProject
Project("{2150E333-8FDC-42A3-9474-1A3956D46DE8}") = "Database", "Database", "{89777317-6ADE-4373-AB39-E306AD2AD03B}"
EndProject
Project("{2150E333-8FDC-42A3-9474-1A3956D46DE8}") = "Web", "Web", "{E89318E6-BD87-4D68-90AA-332FF20DC337}"
EndProject
Project("{00D1A9C2-B5F0-4AF3-8072-F6C62B433612}") = "ChurchAdminDB", "Database\ChurchAdminDB\ChurchAdminDB.sqlproj", "{9DE041C7-E331-41CA-B899-C8279613B4BE}"
EndProject
Project("{9A19103F-16F7-4668-BE54-9A1E7A4F7556}") = "ChurchAdminWeb", "UI\ChurchAdminWeb\ChurchAdminWeb.csproj", "{B94EC14C-0969-4AC6-B368-D81EEB3942AE}"
EndProject
Global
	GlobalSection(SolutionConfigurationPlatforms) = preSolution
		Debug|Any CPU = Debug|Any CPU
		DebugLocal|Any CPU = DebugLocal|Any CPU
		Release|Any CPU = Release|Any CPU
	EndGlobalSection
	GlobalSection(ProjectConfigurationPlatforms) = postSolution
		{9DE041C7-E331-41CA-B899-C8279613B4BE}.Debug|Any CPU.ActiveCfg = Debug|Any CPU
		{9DE041C7-E331-41CA-B899-C8279613B4BE}.Debug|Any CPU.Build.0 = Debug|Any CPU
		{9DE041C7-E331-41CA-B899-C8279613B4BE}.Debug|Any CPU.Deploy.0 = Debug|Any CPU
		{9DE041C7-E331-41CA-B899-C8279613B4BE}.DebugLocal|Any CPU.ActiveCfg = Debug|Any CPU
		{9DE041C7-E331-41CA-B899-C8279613B4BE}.DebugLocal|Any CPU.Build.0 = Debug|Any CPU
		{9DE041C7-E331-41CA-B899-C8279613B4BE}.DebugLocal|Any CPU.Deploy.0 = Debug|Any CPU
		{9DE041C7-E331-41CA-B899-C8279613B4BE}.Release|Any CPU.ActiveCfg = Release|Any CPU
		{9DE041C7-E331-41CA-B899-C8279613B4BE}.Release|Any CPU.Build.0 = Release|Any CPU
		{9DE041C7-E331-41CA-B899-C8279613B4BE}.Release|Any CPU.Deploy.0 = Release|Any CPU
		{B94EC14C-0969-4AC6-B368-D81EEB3942AE}.Debug|Any CPU.ActiveCfg = Debug|Any CPU
		{B94EC14C-0969-4AC6-B368-D81EEB3942AE}.Debug|Any CPU.Build.0 = Debug|Any CPU
		{B94EC14C-0969-4AC6-B368-D81EEB3942AE}.DebugLocal|Any CPU.ActiveCfg = Debug|Any CPU
		{B94EC14C-0969-4AC6-B368-D81EEB3942AE}.DebugLocal|Any CPU.Build.0 = Debug|Any CPU
		{B94EC14C-0969-4AC6-B368-D81EEB3942AE}.Release|Any CPU.ActiveCfg = Release|Any CPU
		{B94EC14C-0969-4AC6-B368-D81EEB3942AE}.Release|Any CPU.Build.0 = Release|Any CPU
	EndGlobalSection
	GlobalSection(SolutionProperties) = preSolution
		HideSolutionNode = FALSE
	EndGlobalSection
	GlobalSection(NestedProjects) = preSolution
		{F832C8FE-C2BB-4107-A0F3-2B1D794A704D} = {7A8857C2-B04C-4069-B51F-6F11D41EB501}
		{89777317-6ADE-4373-AB39-E306AD2AD03B} = {7A8857C2-B04C-4069-B51F-6F11D41EB501}
		{E89318E6-BD87-4D68-90AA-332FF20DC337} = {F832C8FE-C2BB-4107-A0F3-2B1D794A704D}
		{9DE041C7-E331-41CA-B899-C8279613B4BE} = {89777317-6ADE-4373-AB39-E306AD2AD03B}
		{B94EC14C-0969-4AC6-B368-D81EEB3942AE} = {E89318E6-BD87-4D68-90AA-332FF20DC337}
	EndGlobalSection
	GlobalSection(ExtensibilityGlobals) = postSolution
		SolutionGuid = {4A488ACD-75FD-42B3-B8BA-DBAB3E4E2FC6}
	EndGlobalSection
EndGlobal
